
Microsoft Visual Studio Solution File, Format Version 12.00
# Visual Studio Version 16
VisualStudioVersion = 16.0.31515.178
MinimumVisualStudioVersion = 10.0.40219.1
Project("{2150E333-8FDC-42A3-9474-1A3956D46DE8}") = "Services", "Services", "{D3D1BBA7-475A-4DBD-AD9F-C706DA9159DB}"
EndProject
Project("{2150E333-8FDC-42A3-9474-1A3956D46DE8}") = "Catalog", "Catalog", "{07925139-499D-4981-BAB8-1E77D330C22C}"
EndProject
Project("{9A19103F-16F7-4668-BE54-9A1E7A4F7556}") = "Catalog.API", "Services\Catalog\Catalog.API\Catalog.API.csproj", "{74CEA399-C31E-4517-A052-DF9FD1C52237}"
EndProject
Project("{E53339B2-1760-4266-BCC7-CA923CBCF16C}") = "docker-compose", "docker-compose.dcproj", "{9B2D234B-436C-4DC2-9B3C-03A23747130E}"
EndProject
Project("{2150E333-8FDC-42A3-9474-1A3956D46DE8}") = "Basket", "Basket", "{08B055FD-061F-49D0-8BBA-BF72FB925390}"
EndProject
Project("{9A19103F-16F7-4668-BE54-9A1E7A4F7556}") = "Basket.API", "Services\Basket\Basket.API\Basket.API.csproj", "{DA8A832F-AC96-409D-AC84-68FBB409624D}"
EndProject
Project("{2150E333-8FDC-42A3-9474-1A3956D46DE8}") = "Discount", "Discount", "{6F0B6848-A11A-496E-9833-F86CB15896F7}"
EndProject
Project("{9A19103F-16F7-4668-BE54-9A1E7A4F7556}") = "Discount.API", "Services\Discount\Discount.API\Discount.API.csproj", "{FBA5F481-92EB-433A-A9FC-D66DEAB6EF47}"
EndProject
Project("{FAE04EC0-301F-11D3-BF4B-00C04F79EFBC}") = "Discount.Grpc", "Services\Discount\Discount.Grpc\Discount.Grpc.csproj", "{054C11B4-9823-4D9A-A4A6-0FEF13413D42}"
EndProject
Global
	GlobalSection(SolutionConfigurationPlatforms) = preSolution
		Debug|Any CPU = Debug|Any CPU
		Release|Any CPU = Release|Any CPU
	EndGlobalSection
	GlobalSection(ProjectConfigurationPlatforms) = postSolution
		{74CEA399-C31E-4517-A052-DF9FD1C52237}.Debug|Any CPU.ActiveCfg = Debug|Any CPU
		{74CEA399-C31E-4517-A052-DF9FD1C52237}.Debug|Any CPU.Build.0 = Debug|Any CPU
		{74CEA399-C31E-4517-A052-DF9FD1C52237}.Release|Any CPU.ActiveCfg = Release|Any CPU
		{74CEA399-C31E-4517-A052-DF9FD1C52237}.Release|Any CPU.Build.0 = Release|Any CPU
		{9B2D234B-436C-4DC2-9B3C-03A23747130E}.Debug|Any CPU.ActiveCfg = Debug|Any CPU
		{9B2D234B-436C-4DC2-9B3C-03A23747130E}.Debug|Any CPU.Build.0 = Debug|Any CPU
		{9B2D234B-436C-4DC2-9B3C-03A23747130E}.Release|Any CPU.ActiveCfg = Release|Any CPU
		{9B2D234B-436C-4DC2-9B3C-03A23747130E}.Release|Any CPU.Build.0 = Release|Any CPU
		{DA8A832F-AC96-409D-AC84-68FBB409624D}.Debug|Any CPU.ActiveCfg = Debug|Any CPU
		{DA8A832F-AC96-409D-AC84-68FBB409624D}.Debug|Any CPU.Build.0 = Debug|Any CPU
		{DA8A832F-AC96-409D-AC84-68FBB409624D}.Release|Any CPU.ActiveCfg = Release|Any CPU
		{DA8A832F-AC96-409D-AC84-68FBB409624D}.Release|Any CPU.Build.0 = Release|Any CPU
		{FBA5F481-92EB-433A-A9FC-D66DEAB6EF47}.Debug|Any CPU.ActiveCfg = Debug|Any CPU
		{FBA5F481-92EB-433A-A9FC-D66DEAB6EF47}.Debug|Any CPU.Build.0 = Debug|Any CPU
		{FBA5F481-92EB-433A-A9FC-D66DEAB6EF47}.Release|Any CPU.ActiveCfg = Release|Any CPU
		{FBA5F481-92EB-433A-A9FC-D66DEAB6EF47}.Release|Any CPU.Build.0 = Release|Any CPU
		{054C11B4-9823-4D9A-A4A6-0FEF13413D42}.Debug|Any CPU.ActiveCfg = Debug|Any CPU
		{054C11B4-9823-4D9A-A4A6-0FEF13413D42}.Debug|Any CPU.Build.0 = Debug|Any CPU
		{054C11B4-9823-4D9A-A4A6-0FEF13413D42}.Release|Any CPU.ActiveCfg = Release|Any CPU
		{054C11B4-9823-4D9A-A4A6-0FEF13413D42}.Release|Any CPU.Build.0 = Release|Any CPU
	EndGlobalSection
	GlobalSection(SolutionProperties) = preSolution
		HideSolutionNode = FALSE
	EndGlobalSection
	GlobalSection(NestedProjects) = preSolution
		{07925139-499D-4981-BAB8-1E77D330C22C} = {D3D1BBA7-475A-4DBD-AD9F-C706DA9159DB}
		{74CEA399-C31E-4517-A052-DF9FD1C52237} = {07925139-499D-4981-BAB8-1E77D330C22C}
		{08B055FD-061F-49D0-8BBA-BF72FB925390} = {D3D1BBA7-475A-4DBD-AD9F-C706DA9159DB}
		{DA8A832F-AC96-409D-AC84-68FBB409624D} = {08B055FD-061F-49D0-8BBA-BF72FB925390}
		{6F0B6848-A11A-496E-9833-F86CB15896F7} = {D3D1BBA7-475A-4DBD-AD9F-C706DA9159DB}
		{FBA5F481-92EB-433A-A9FC-D66DEAB6EF47} = {6F0B6848-A11A-496E-9833-F86CB15896F7}
		{054C11B4-9823-4D9A-A4A6-0FEF13413D42} = {6F0B6848-A11A-496E-9833-F86CB15896F7}
	EndGlobalSection
	GlobalSection(ExtensibilityGlobals) = postSolution
		SolutionGuid = {EDEE925E-6239-4884-B9A6-4C64AF9D2082}
	EndGlobalSection
EndGlobal
